
Microsoft Visual Studio Solution File, Format Version 12.00
# Visual Studio Version 17
VisualStudioVersion = 17.3.32825.248
MinimumVisualStudioVersion = 10.0.40219.1
Project("{2150E333-8FDC-42A3-9474-1A3956D46DE8}") = "src", "src", "{D4755B63-DDB1-42FD-A061-0FBE9A2F0315}"
EndProject
Project("{2150E333-8FDC-42A3-9474-1A3956D46DE8}") = "corePackages", "corePackages", "{A8764BA1-A7B1-4A93-9A89-0578529B3BB6}"
EndProject
Project("{2150E333-8FDC-42A3-9474-1A3956D46DE8}") = "Kodlama.io.Devs", "Kodlama.io.Devs", "{9B67B441-F5AD-4437-8A75-900895AA6528}"
EndProject
Project("{9A19103F-16F7-4668-BE54-9A1E7A4F7556}") = "Core.Application", "src\corePackages\Core.Application\Core.Application.csproj", "{C0C514F5-CEDF-4DB4-BDA7-E6FC7ED88115}"
EndProject
Project("{9A19103F-16F7-4668-BE54-9A1E7A4F7556}") = "Core.CrossCuttingConcerns", "src\corePackages\Core.CrossCuttingConcers\Core.CrossCuttingConcerns.csproj", "{E9951B4A-C20F-4F68-A3B1-36C81EA87D58}"
EndProject
Project("{9A19103F-16F7-4668-BE54-9A1E7A4F7556}") = "Core.ElasticSearch", "src\corePackages\Core.ElasticSearch\Core.ElasticSearch.csproj", "{44871AB1-EBC1-480B-85CA-1C3259D0ED2E}"
EndProject
Project("{9A19103F-16F7-4668-BE54-9A1E7A4F7556}") = "Core.Mailing", "src\corePackages\Core.Mailing\Core.Mailing.csproj", "{37F0E622-19D9-4E8A-AFAD-1C2929723B9D}"
EndProject
Project("{9A19103F-16F7-4668-BE54-9A1E7A4F7556}") = "Core.Persistence", "src\corePackages\Core.Persistence\Core.Persistence.csproj", "{387A4653-5472-43D5-A6A7-CB8565357402}"
EndProject
Project("{9A19103F-16F7-4668-BE54-9A1E7A4F7556}") = "Core.Security", "src\corePackages\Core.Security\Core.Security.csproj", "{749AC429-6482-4FBA-ADA4-2358AD80B285}"
EndProject
Project("{FAE04EC0-301F-11D3-BF4B-00C04F79EFBC}") = "Application", "src\Kodlama.io.Devs\Application\Application.csproj", "{D4E32DB1-4F15-494C-9CA2-1B6AC8EEB048}"
EndProject
Project("{FAE04EC0-301F-11D3-BF4B-00C04F79EFBC}") = "Domain", "src\Kodlama.io.Devs\Domain\Domain.csproj", "{6E3F4893-452E-44CC-8D18-6FEE1CD43155}"
EndProject
Project("{FAE04EC0-301F-11D3-BF4B-00C04F79EFBC}") = "Infrastructure", "src\Kodlama.io.Devs\Infrastructure\Infrastructure.csproj", "{7AEA05A7-4D4F-4962-9389-20596F45C5C5}"
EndProject
Project("{FAE04EC0-301F-11D3-BF4B-00C04F79EFBC}") = "Persistence", "src\Kodlama.io.Devs\Persistence\Persistence.csproj", "{578BD3D6-B0D2-4979-AF6A-2085A475C0FC}"
EndProject
Project("{FAE04EC0-301F-11D3-BF4B-00C04F79EFBC}") = "WebAPI", "src\Kodlama.io.Devs\WebAPI\WebAPI.csproj", "{B2683F85-1E04-41E6-82F2-832B327C3972}"
EndProject
Global
	GlobalSection(SolutionConfigurationPlatforms) = preSolution
		Debug|Any CPU = Debug|Any CPU
		Release|Any CPU = Release|Any CPU
	EndGlobalSection
	GlobalSection(ProjectConfigurationPlatforms) = postSolution
		{C0C514F5-CEDF-4DB4-BDA7-E6FC7ED88115}.Debug|Any CPU.ActiveCfg = Debug|Any CPU
		{C0C514F5-CEDF-4DB4-BDA7-E6FC7ED88115}.Debug|Any CPU.Build.0 = Debug|Any CPU
		{C0C514F5-CEDF-4DB4-BDA7-E6FC7ED88115}.Release|Any CPU.ActiveCfg = Release|Any CPU
		{C0C514F5-CEDF-4DB4-BDA7-E6FC7ED88115}.Release|Any CPU.Build.0 = Release|Any CPU
		{E9951B4A-C20F-4F68-A3B1-36C81EA87D58}.Debug|Any CPU.ActiveCfg = Debug|Any CPU
		{E9951B4A-C20F-4F68-A3B1-36C81EA87D58}.Debug|Any CPU.Build.0 = Debug|Any CPU
		{E9951B4A-C20F-4F68-A3B1-36C81EA87D58}.Release|Any CPU.ActiveCfg = Release|Any CPU
		{E9951B4A-C20F-4F68-A3B1-36C81EA87D58}.Release|Any CPU.Build.0 = Release|Any CPU
		{44871AB1-EBC1-480B-85CA-1C3259D0ED2E}.Debug|Any CPU.ActiveCfg = Debug|Any CPU
		{44871AB1-EBC1-480B-85CA-1C3259D0ED2E}.Debug|Any CPU.Build.0 = Debug|Any CPU
		{44871AB1-EBC1-480B-85CA-1C3259D0ED2E}.Release|Any CPU.ActiveCfg = Release|Any CPU
		{44871AB1-EBC1-480B-85CA-1C3259D0ED2E}.Release|Any CPU.Build.0 = Release|Any CPU
		{37F0E622-19D9-4E8A-AFAD-1C2929723B9D}.Debug|Any CPU.ActiveCfg = Debug|Any CPU
		{37F0E622-19D9-4E8A-AFAD-1C2929723B9D}.Debug|Any CPU.Build.0 = Debug|Any CPU
		{37F0E622-19D9-4E8A-AFAD-1C2929723B9D}.Release|Any CPU.ActiveCfg = Release|Any CPU
		{37F0E622-19D9-4E8A-AFAD-1C2929723B9D}.Release|Any CPU.Build.0 = Release|Any CPU
		{387A4653-5472-43D5-A6A7-CB8565357402}.Debug|Any CPU.ActiveCfg = Debug|Any CPU
		{387A4653-5472-43D5-A6A7-CB8565357402}.Debug|Any CPU.Build.0 = Debug|Any CPU
		{387A4653-5472-43D5-A6A7-CB8565357402}.Release|Any CPU.ActiveCfg = Release|Any CPU
		{387A4653-5472-43D5-A6A7-CB8565357402}.Release|Any CPU.Build.0 = Release|Any CPU
		{749AC429-6482-4FBA-ADA4-2358AD80B285}.Debug|Any CPU.ActiveCfg = Debug|Any CPU
		{749AC429-6482-4FBA-ADA4-2358AD80B285}.Debug|Any CPU.Build.0 = Debug|Any CPU
		{749AC429-6482-4FBA-ADA4-2358AD80B285}.Release|Any CPU.ActiveCfg = Release|Any CPU
		{749AC429-6482-4FBA-ADA4-2358AD80B285}.Release|Any CPU.Build.0 = Release|Any CPU
		{D4E32DB1-4F15-494C-9CA2-1B6AC8EEB048}.Debug|Any CPU.ActiveCfg = Debug|Any CPU
		{D4E32DB1-4F15-494C-9CA2-1B6AC8EEB048}.Debug|Any CPU.Build.0 = Debug|Any CPU
		{D4E32DB1-4F15-494C-9CA2-1B6AC8EEB048}.Release|Any CPU.ActiveCfg = Release|Any CPU
		{D4E32DB1-4F15-494C-9CA2-1B6AC8EEB048}.Release|Any CPU.Build.0 = Release|Any CPU
		{6E3F4893-452E-44CC-8D18-6FEE1CD43155}.Debug|Any CPU.ActiveCfg = Debug|Any CPU
		{6E3F4893-452E-44CC-8D18-6FEE1CD43155}.Debug|Any CPU.Build.0 = Debug|Any CPU
		{6E3F4893-452E-44CC-8D18-6FEE1CD43155}.Release|Any CPU.ActiveCfg = Release|Any CPU
		{6E3F4893-452E-44CC-8D18-6FEE1CD43155}.Release|Any CPU.Build.0 = Release|Any CPU
		{7AEA05A7-4D4F-4962-9389-20596F45C5C5}.Debug|Any CPU.ActiveCfg = Debug|Any CPU
		{7AEA05A7-4D4F-4962-9389-20596F45C5C5}.Debug|Any CPU.Build.0 = Debug|Any CPU
		{7AEA05A7-4D4F-4962-9389-20596F45C5C5}.Release|Any CPU.ActiveCfg = Release|Any CPU
		{7AEA05A7-4D4F-4962-9389-20596F45C5C5}.Release|Any CPU.Build.0 = Release|Any CPU
		{578BD3D6-B0D2-4979-AF6A-2085A475C0FC}.Debug|Any CPU.ActiveCfg = Debug|Any CPU
		{578BD3D6-B0D2-4979-AF6A-2085A475C0FC}.Debug|Any CPU.Build.0 = Debug|Any CPU
		{578BD3D6-B0D2-4979-AF6A-2085A475C0FC}.Release|Any CPU.ActiveCfg = Release|Any CPU
		{578BD3D6-B0D2-4979-AF6A-2085A475C0FC}.Release|Any CPU.Build.0 = Release|Any CPU
		{B2683F85-1E04-41E6-82F2-832B327C3972}.Debug|Any CPU.ActiveCfg = Debug|Any CPU
		{B2683F85-1E04-41E6-82F2-832B327C3972}.Debug|Any CPU.Build.0 = Debug|Any CPU
		{B2683F85-1E04-41E6-82F2-832B327C3972}.Release|Any CPU.ActiveCfg = Release|Any CPU
		{B2683F85-1E04-41E6-82F2-832B327C3972}.Release|Any CPU.Build.0 = Release|Any CPU
	EndGlobalSection
	GlobalSection(SolutionProperties) = preSolution
		HideSolutionNode = FALSE
	EndGlobalSection
	GlobalSection(NestedProjects) = preSolution
		{A8764BA1-A7B1-4A93-9A89-0578529B3BB6} = {D4755B63-DDB1-42FD-A061-0FBE9A2F0315}
		{9B67B441-F5AD-4437-8A75-900895AA6528} = {D4755B63-DDB1-42FD-A061-0FBE9A2F0315}
		{C0C514F5-CEDF-4DB4-BDA7-E6FC7ED88115} = {A8764BA1-A7B1-4A93-9A89-0578529B3BB6}
		{E9951B4A-C20F-4F68-A3B1-36C81EA87D58} = {A8764BA1-A7B1-4A93-9A89-0578529B3BB6}
		{44871AB1-EBC1-480B-85CA-1C3259D0ED2E} = {A8764BA1-A7B1-4A93-9A89-0578529B3BB6}
		{37F0E622-19D9-4E8A-AFAD-1C2929723B9D} = {A8764BA1-A7B1-4A93-9A89-0578529B3BB6}
		{387A4653-5472-43D5-A6A7-CB8565357402} = {A8764BA1-A7B1-4A93-9A89-0578529B3BB6}
		{749AC429-6482-4FBA-ADA4-2358AD80B285} = {A8764BA1-A7B1-4A93-9A89-0578529B3BB6}
		{D4E32DB1-4F15-494C-9CA2-1B6AC8EEB048} = {9B67B441-F5AD-4437-8A75-900895AA6528}
		{6E3F4893-452E-44CC-8D18-6FEE1CD43155} = {9B67B441-F5AD-4437-8A75-900895AA6528}
		{7AEA05A7-4D4F-4962-9389-20596F45C5C5} = {9B67B441-F5AD-4437-8A75-900895AA6528}
		{578BD3D6-B0D2-4979-AF6A-2085A475C0FC} = {9B67B441-F5AD-4437-8A75-900895AA6528}
		{B2683F85-1E04-41E6-82F2-832B327C3972} = {9B67B441-F5AD-4437-8A75-900895AA6528}
	EndGlobalSection
	GlobalSection(ExtensibilityGlobals) = postSolution
		SolutionGuid = {0E39513E-1E47-4721-B34B-81AC5B16E32E}
	EndGlobalSection
EndGlobal
